<?xml version="1.0" encoding="UTF-8" standalone="yes" ?>
<CodeBlocks_project_file>
	<FileVersion major="1" minor="6" />
	<Project>
		<Option title="Wordclock" />
		<Option pch_mode="2" />
		<Option compiler="gcc" />
		<Build>
			<Target title="Debug">
				<Option output="bin/Debug/Windows/Wordclock" prefix_auto="1" extension_auto="1" />
				<Option object_output="obj/Debug/Windows" />
				<Option type="0" />
				<Option compiler="gcc" />
				<Option projectLinkerOptionsRelation="2" />
				<Compiler>
					<Add option="-Wextra" />
					<Add option="-Wall" />
					<Add option="-g" />
					<Add option="-D__WXDEBUG__" />
					<Add directory="$(#wx31)/lib/gcc_dll/mswud" />
					<Add directory="include" />
				</Compiler>
				<ResourceCompiler>
					<Add directory="$(#wx31)/lib/gcc_dll/mswud" />
				</ResourceCompiler>
				<Linker>
					<Add library="libwxmsw31ud.a" />
					<Add directory="$(#wx31)/lib/gcc_dll" />
				</Linker>
			</Target>
			<Target title="Release">
				<Option output="bin/Release/Windows/Wordclock" prefix_auto="1" extension_auto="1" />
				<Option object_output="obj/Release/Windows" />
				<Option type="0" />
				<Option compiler="gcc" />
				<Option projectLinkerOptionsRelation="2" />
				<Compiler>
					<Add option="-O2" />
					<Add directory="$(#wx31)/lib/gcc_dll/mswu" />
					<Add directory="include" />
				</Compiler>
				<ResourceCompiler>
					<Add directory="$(#wx31)/lib/gcc_dll/mswu" />
				</ResourceCompiler>
				<Linker>
					<Add option="-s" />
					<Add library="libwxmsw31u.a" />
					<Add directory="$(#wx31)/lib/gcc_dll" />
				</Linker>
			</Target>
		</Build>
		<Compiler>
			<Add option="-Wextra" />
			<Add option="-Wall" />
			<Add option="-std=c++11" />
			<Add option="-pipe" />
			<Add option="-mthreads" />
			<Add option="-D__GNUWIN32__" />
			<Add option="-D__WXMSW__" />
			<Add option="-DWXUSINGDLL" />
			<Add option="-DwxUSE_UNICODE" />
			<Add directory="$(#wx31)/include" />
			<Add directory="Arduino/inc/Animation" />
			<Add directory="Arduino/inc/Clock" />
			<Add directory="Arduino/inc/Display" />
			<Add directory="Arduino/inc/StandardTypes" />
			<Add directory="Arduino/inc/Transformation" />
			<Add directory="../Wordclock" />
			<Add directory="Arduino/inc/Animation/Clock" />
			<Add directory="Arduino/inc/Font" />
		</Compiler>
		<ResourceCompiler>
			<Add directory="$(#wx31)/include" />
		</ResourceCompiler>
		<Linker>
			<Add option="-mthreads" />
		</Linker>
		<Unit filename="Arduino/inc/Animation/Animation.h" />
		<Unit filename="Arduino/inc/Animation/AnimationFont.h" />
		<Unit filename="Arduino/inc/Animation/Clock/AnimationClock.h" />
		<Unit filename="Arduino/inc/Animation/Clock/AnimationClockCommon.h" />
		<Unit filename="Arduino/inc/Animation/Clock/AnimationClockCube.h" />
		<Unit filename="Arduino/inc/Animation/Clock/AnimationClockCursor.h" />
		<Unit filename="Arduino/inc/Animation/Clock/AnimationClockDrop.h" />
		<Unit filename="Arduino/inc/Animation/Clock/AnimationClockFade.h" />
		<Unit filename="Arduino/inc/Animation/Clock/AnimationClockFlicker.h" />
		<Unit filename="Arduino/inc/Animation/Clock/AnimationClockShift.h" />
		<Unit filename="Arduino/inc/Animation/Clock/AnimationClockSnake.h" />
		<Unit filename="Arduino/inc/Animation/Clock/AnimationClockTeletype.h" />
		<Unit filename="Arduino/inc/Animation/Clock/AnimationClockWipe.h" />
		<Unit filename="Arduino/inc/Clock/Clock.h" />
		<Unit filename="Arduino/inc/Display/Display.h" />
		<Unit filename="Arduino/inc/Display/DisplayCharacters.h" />
		<Unit filename="Arduino/inc/Display/DisplayWord.h" />
		<Unit filename="Arduino/inc/Display/DisplayWords.h" />
		<Unit filename="Arduino/inc/Font/FontChar.h" />
		<Unit filename="Arduino/inc/Font/FontCommon.h" />
		<Unit filename="Arduino/inc/Font/FontCourierNew7x10.h" />
		<Unit filename="Arduino/inc/Font/FontCourierNew7x9.h" />
		<Unit filename="Arduino/inc/Font/FontLucidaSans9x10.h" />
		<Unit filename="Arduino/inc/Font/FontSprite5x8.h" />
		<Unit filename="Arduino/inc/Font/FontTahoma10x10.h" />
		<Unit filename="Arduino/inc/StandardTypes/StandardTypes.h" />
		<Unit filename="Arduino/inc/Transformation/Transformation.h" />
		<Unit filename="Arduino/src/Animation/Animation.cpp" />
		<Unit filename="Arduino/src/Animation/AnimationFont.cpp" />
		<Unit filename="Arduino/src/Animation/Clock/AnimationClock.cpp" />
		<Unit filename="Arduino/src/Animation/Clock/AnimationClockCommon.cpp" />
		<Unit filename="Arduino/src/Animation/Clock/AnimationClockCube.cpp" />
		<Unit filename="Arduino/src/Animation/Clock/AnimationClockCursor.cpp" />
		<Unit filename="Arduino/src/Animation/Clock/AnimationClockDrop.cpp" />
		<Unit filename="Arduino/src/Animation/Clock/AnimationClockFade.cpp" />
		<Unit filename="Arduino/src/Animation/Clock/AnimationClockFlicker.cpp" />
		<Unit filename="Arduino/src/Animation/Clock/AnimationClockShift.cpp" />
		<Unit filename="Arduino/src/Animation/Clock/AnimationClockSnake.cpp" />
		<Unit filename="Arduino/src/Animation/Clock/AnimationClockTeletype.cpp" />
		<Unit filename="Arduino/src/Animation/Clock/AnimationClockWipe.cpp" />
		<Unit filename="Arduino/src/Clock/Clock.cpp" />
		<Unit filename="Arduino/src/Display/Display.cpp" />
		<Unit filename="Arduino/src/Display/DisplayCharacters.cpp" />
		<Unit filename="Arduino/src/Display/DisplayWord.cpp" />
		<Unit filename="Arduino/src/Display/DisplayWords.cpp" />
		<Unit filename="Arduino/src/Font/FontCourierNew7x10.cpp" />
		<Unit filename="Arduino/src/Font/FontCourierNew7x9.cpp" />
		<Unit filename="Arduino/src/Font/FontLucidaSans9x10.cpp" />
		<Unit filename="Arduino/src/Font/FontSprite5x8.cpp" />
		<Unit filename="Arduino/src/Font/FontTahoma10x10.cpp" />
		<Unit filename="Arduino/src/Transformation/Transformation.cpp" />
		<Unit filename="Wordclock.ico" />
		<Unit filename="WordclockApp.cpp" />
		<Unit filename="WordclockApp.h" />
		<Unit filename="WordclockMain.cpp" />
		<Unit filename="WordclockMain.h" />
		<Unit filename="include/Arduino.h" />
		<Unit filename="include/Simulator.h" />
		<Unit filename="include/WS2812.h" />
		<Unit filename="resource.rc">
			<Option compilerVar="WINDRES" />
		</Unit>
		<Unit filename="src/Simulator.cpp" />
		<Extensions>
			<code_completion />
			<envvars />
			<debugger />
		</Extensions>
	</Project>
</CodeBlocks_project_file>
